
Microsoft Visual Studio Solution File, Format Version 12.00
# Visual Studio Version 17
VisualStudioVersion = 17.3.32804.467
MinimumVisualStudioVersion = 10.0.40219.1
Project("{9A19103F-16F7-4668-BE54-9A1E7A4F7556}") = "WebApplication1", "WebApplication1\WebApplication1.csproj", "{EAD45B91-1034-4392-A0B5-712DB8767A77}"
EndProject
Global
	GlobalSection(SolutionConfigurationPlatforms) = preSolution
		Debug|Any CPU = Debug|Any CPU
		Release|Any CPU = Release|Any CPU
	EndGlobalSection
	GlobalSection(ProjectConfigurationPlatforms) = postSolution
		{EAD45B91-1034-4392-A0B5-712DB8767A77}.Debug|Any CPU.ActiveCfg = Debug|Any CPU
		{EAD45B91-1034-4392-A0B5-712DB8767A77}.Debug|Any CPU.Build.0 = Debug|Any CPU
		{EAD45B91-1034-4392-A0B5-712DB8767A77}.Release|Any CPU.ActiveCfg = Release|Any CPU
		{EAD45B91-1034-4392-A0B5-712DB8767A77}.Release|Any CPU.Build.0 = Release|Any CPU
	EndGlobalSection
	GlobalSection(SolutionProperties) = preSolution
		HideSolutionNode = FALSE
	EndGlobalSection
	GlobalSection(ExtensibilityGlobals) = postSolution
		SolutionGuid = {B3350385-48DB-455E-B3C9-F5F3BC1998A1}
	EndGlobalSection
EndGlobal
